
Microsoft Visual Studio Solution File, Format Version 9.00
# Visual Studio 2005
Project("{8BC9CEB8-8B4A-11D0-8D11-00A0C91BC942}") = "画图板草稿", "画图板草稿\画图板草稿.vcproj", "{84B36F85-DDDB-45EC-B9E3-79678C0E0338}"
EndProject
Global
	GlobalSection(SolutionConfigurationPlatforms) = preSolution
		Debug|Win32 = Debug|Win32
		Release|Win32 = Release|Win32
	EndGlobalSection
	GlobalSection(ProjectConfigurationPlatforms) = postSolution
		{84B36F85-DDDB-45EC-B9E3-79678C0E0338}.Debug|Win32.ActiveCfg = Debug|Win32
		{84B36F85-DDDB-45EC-B9E3-79678C0E0338}.Debug|Win32.Build.0 = Debug|Win32
		{84B36F85-DDDB-45EC-B9E3-79678C0E0338}.Release|Win32.ActiveCfg = Release|Win32
		{84B36F85-DDDB-45EC-B9E3-79678C0E0338}.Release|Win32.Build.0 = Release|Win32
	EndGlobalSection
	GlobalSection(SolutionProperties) = preSolution
		HideSolutionNode = FALSE
	EndGlobalSection
EndGlobal
